# This file is autogenerated, do not edit; changes may be undone by the next 'dep ensure'.


[[projects]]
  branch = "master"
  name = "github.com/google/go-querystring"
  packages = ["query"]
  revision = "53e6ce116135b80d037921a7fdd5138cf32d7a8a"

[[projects]]
  name = "github.com/google/open-location-code"
  packages = ["go"]
  revision = "c59f1f3f339c2d89cadfce08b55ec400a454a978"
  version = "1.0.3"

[solve-meta]
  analyzer-name = "dep"
  analyzer-version = 1
  inputs-digest = "622e3f57a0e3da4ae3e12ac4ac559654872479673ff45c6dccdd335e314036fe"
  solver-name = "gps-cdcl"
  solver-version = 1
