# This file is autogenerated, do not edit; changes may be undone by the next 'dep ensure'.


[[projects]]
  name = "github.com/google/open-location-code"
  packages = ["go"]
  revision = "c59f1f3f339c2d89cadfce08b55ec400a454a978"
  version = "1.0.3"

[solve-meta]
  analyzer-name = "dep"
  analyzer-version = 1
  inputs-digest = "92e2dea12d10dd2450b1052b4c956b70e2bebf2687d11aed64741d9b090ef035"
  solver-name = "gps-cdcl"
  solver-version = 1
